
Microsoft Visual Studio Solution File, Format Version 12.00
# Visual Studio Version 16
VisualStudioVersion = 16.0.31624.102
MinimumVisualStudioVersion = 10.0.40219.1
Project("{FAE04EC0-301F-11D3-BF4B-00C04F79EFBC}") = "laba 6", "laba 6.csproj", "{5F583BDD-9D43-4745-A86D-8C82602B9FD9}"
EndProject
Global
	GlobalSection(SolutionConfigurationPlatforms) = preSolution
		Debug|Any CPU = Debug|Any CPU
		Release|Any CPU = Release|Any CPU
	EndGlobalSection
	GlobalSection(ProjectConfigurationPlatforms) = postSolution
		{5F583BDD-9D43-4745-A86D-8C82602B9FD9}.Debug|Any CPU.ActiveCfg = Debug|Any CPU
		{5F583BDD-9D43-4745-A86D-8C82602B9FD9}.Debug|Any CPU.Build.0 = Debug|Any CPU
		{5F583BDD-9D43-4745-A86D-8C82602B9FD9}.Release|Any CPU.ActiveCfg = Release|Any CPU
		{5F583BDD-9D43-4745-A86D-8C82602B9FD9}.Release|Any CPU.Build.0 = Release|Any CPU
	EndGlobalSection
	GlobalSection(SolutionProperties) = preSolution
		HideSolutionNode = FALSE
	EndGlobalSection
	GlobalSection(ExtensibilityGlobals) = postSolution
		SolutionGuid = {085DEF83-122D-4EC4-A8AE-FCB214523AE1}
	EndGlobalSection
EndGlobal
